
Microsoft Visual Studio Solution File, Format Version 12.00
# Visual Studio Version 16
VisualStudioVersion = 16.0.30503.244
MinimumVisualStudioVersion = 10.0.40219.1
Project("{FAE04EC0-301F-11D3-BF4B-00C04F79EFBC}") = "ValheimMods", "ValheimMods\ValheimMods.csproj", "{75C96670-301F-4420-BB78-BB22A84A7988}"
EndProject
Project("{FAE04EC0-301F-11D3-BF4B-00C04F79EFBC}") = "AddAllFuel", "AddAllFuel\AddAllFuel.csproj", "{52BE6D2B-DAF1-446A-88A5-1C2E02280B51}"
EndProject
Project("{FAE04EC0-301F-11D3-BF4B-00C04F79EFBC}") = "SandBox", "SandBox\SandBox.csproj", "{3DC188F3-BF3D-4ACE-A3C7-3D19D62F8688}"
EndProject
Project("{FAE04EC0-301F-11D3-BF4B-00C04F79EFBC}") = "GetItemCommand", "GetItemCommand\GetItemCommand.csproj", "{A6A686CD-E79B-4624-856C-17D7AA89605A}"
EndProject
Project("{FAE04EC0-301F-11D3-BF4B-00C04F79EFBC}") = "AutoItemCollectContainer", "AutoItemCollectContainer\AutoItemCollectContainer.csproj", "{61B20473-0FE6-4F3B-97EC-81A86541C8DF}"
EndProject
Project("{FAE04EC0-301F-11D3-BF4B-00C04F79EFBC}") = "SaveCommand", "SaveCommand\SaveCommand.csproj", "{EA3E644D-7EAB-4082-9A56-EFDE0736095B}"
EndProject
Project("{FAE04EC0-301F-11D3-BF4B-00C04F79EFBC}") = "PlayerStats", "PlayerStats\PlayerStats.csproj", "{51377A7C-F07C-4420-812F-19B0696AE4FE}"
EndProject
Project("{FAE04EC0-301F-11D3-BF4B-00C04F79EFBC}") = "StorageSort", "StorageSort\StorageSort.csproj", "{F2195103-EF52-4E50-9387-4BCE34C400CF}"
EndProject
Project("{FAE04EC0-301F-11D3-BF4B-00C04F79EFBC}") = "PlayerScale", "PlayerScale\PlayerScale.csproj", "{FFE8A4EF-728A-4201-97D1-81250ACE8189}"
EndProject
Project("{FAE04EC0-301F-11D3-BF4B-00C04F79EFBC}") = "ChangeEquipmentByWheel", "ChangeEquipmentByWheel\ChangeEquipmentByWheel.csproj", "{71A3B391-4FE4-4D1F-9B84-BF139BA42430}"
EndProject
Global
	GlobalSection(SolutionConfigurationPlatforms) = preSolution
		Debug|Any CPU = Debug|Any CPU
		Release|Any CPU = Release|Any CPU
	EndGlobalSection
	GlobalSection(ProjectConfigurationPlatforms) = postSolution
		{75C96670-301F-4420-BB78-BB22A84A7988}.Debug|Any CPU.ActiveCfg = Debug|Any CPU
		{75C96670-301F-4420-BB78-BB22A84A7988}.Debug|Any CPU.Build.0 = Debug|Any CPU
		{75C96670-301F-4420-BB78-BB22A84A7988}.Release|Any CPU.ActiveCfg = Release|Any CPU
		{75C96670-301F-4420-BB78-BB22A84A7988}.Release|Any CPU.Build.0 = Release|Any CPU
		{52BE6D2B-DAF1-446A-88A5-1C2E02280B51}.Debug|Any CPU.ActiveCfg = Debug|Any CPU
		{52BE6D2B-DAF1-446A-88A5-1C2E02280B51}.Debug|Any CPU.Build.0 = Debug|Any CPU
		{52BE6D2B-DAF1-446A-88A5-1C2E02280B51}.Release|Any CPU.ActiveCfg = Release|Any CPU
		{52BE6D2B-DAF1-446A-88A5-1C2E02280B51}.Release|Any CPU.Build.0 = Release|Any CPU
		{3DC188F3-BF3D-4ACE-A3C7-3D19D62F8688}.Debug|Any CPU.ActiveCfg = Debug|Any CPU
		{3DC188F3-BF3D-4ACE-A3C7-3D19D62F8688}.Debug|Any CPU.Build.0 = Debug|Any CPU
		{3DC188F3-BF3D-4ACE-A3C7-3D19D62F8688}.Release|Any CPU.ActiveCfg = Release|Any CPU
		{3DC188F3-BF3D-4ACE-A3C7-3D19D62F8688}.Release|Any CPU.Build.0 = Release|Any CPU
		{A6A686CD-E79B-4624-856C-17D7AA89605A}.Debug|Any CPU.ActiveCfg = Debug|Any CPU
		{A6A686CD-E79B-4624-856C-17D7AA89605A}.Debug|Any CPU.Build.0 = Debug|Any CPU
		{A6A686CD-E79B-4624-856C-17D7AA89605A}.Release|Any CPU.ActiveCfg = Release|Any CPU
		{A6A686CD-E79B-4624-856C-17D7AA89605A}.Release|Any CPU.Build.0 = Release|Any CPU
		{61B20473-0FE6-4F3B-97EC-81A86541C8DF}.Debug|Any CPU.ActiveCfg = Debug|Any CPU
		{61B20473-0FE6-4F3B-97EC-81A86541C8DF}.Debug|Any CPU.Build.0 = Debug|Any CPU
		{61B20473-0FE6-4F3B-97EC-81A86541C8DF}.Release|Any CPU.ActiveCfg = Release|Any CPU
		{61B20473-0FE6-4F3B-97EC-81A86541C8DF}.Release|Any CPU.Build.0 = Release|Any CPU
		{EA3E644D-7EAB-4082-9A56-EFDE0736095B}.Debug|Any CPU.ActiveCfg = Debug|Any CPU
		{EA3E644D-7EAB-4082-9A56-EFDE0736095B}.Debug|Any CPU.Build.0 = Debug|Any CPU
		{EA3E644D-7EAB-4082-9A56-EFDE0736095B}.Release|Any CPU.ActiveCfg = Release|Any CPU
		{EA3E644D-7EAB-4082-9A56-EFDE0736095B}.Release|Any CPU.Build.0 = Release|Any CPU
		{51377A7C-F07C-4420-812F-19B0696AE4FE}.Debug|Any CPU.ActiveCfg = Debug|Any CPU
		{51377A7C-F07C-4420-812F-19B0696AE4FE}.Debug|Any CPU.Build.0 = Debug|Any CPU
		{51377A7C-F07C-4420-812F-19B0696AE4FE}.Release|Any CPU.ActiveCfg = Release|Any CPU
		{51377A7C-F07C-4420-812F-19B0696AE4FE}.Release|Any CPU.Build.0 = Release|Any CPU
		{F2195103-EF52-4E50-9387-4BCE34C400CF}.Debug|Any CPU.ActiveCfg = Debug|Any CPU
		{F2195103-EF52-4E50-9387-4BCE34C400CF}.Debug|Any CPU.Build.0 = Debug|Any CPU
		{F2195103-EF52-4E50-9387-4BCE34C400CF}.Release|Any CPU.ActiveCfg = Release|Any CPU
		{F2195103-EF52-4E50-9387-4BCE34C400CF}.Release|Any CPU.Build.0 = Release|Any CPU
		{FFE8A4EF-728A-4201-97D1-81250ACE8189}.Debug|Any CPU.ActiveCfg = Debug|Any CPU
		{FFE8A4EF-728A-4201-97D1-81250ACE8189}.Debug|Any CPU.Build.0 = Debug|Any CPU
		{FFE8A4EF-728A-4201-97D1-81250ACE8189}.Release|Any CPU.ActiveCfg = Release|Any CPU
		{FFE8A4EF-728A-4201-97D1-81250ACE8189}.Release|Any CPU.Build.0 = Release|Any CPU
		{71A3B391-4FE4-4D1F-9B84-BF139BA42430}.Debug|Any CPU.ActiveCfg = Debug|Any CPU
		{71A3B391-4FE4-4D1F-9B84-BF139BA42430}.Debug|Any CPU.Build.0 = Debug|Any CPU
		{71A3B391-4FE4-4D1F-9B84-BF139BA42430}.Release|Any CPU.ActiveCfg = Release|Any CPU
		{71A3B391-4FE4-4D1F-9B84-BF139BA42430}.Release|Any CPU.Build.0 = Release|Any CPU
	EndGlobalSection
	GlobalSection(SolutionProperties) = preSolution
		HideSolutionNode = FALSE
	EndGlobalSection
	GlobalSection(ExtensibilityGlobals) = postSolution
		SolutionGuid = {FFC33E6F-A2ED-4671-B662-BFCF3159A2DD}
	EndGlobalSection
EndGlobal
